{
  "version": 4,
  "terraform_version": "1.8.4",
  "serial": 7,
  "lineage": "34f694e0-382b-1655-7566-9930399c85a2",
  "outputs": {
    "secret_arn": {
      "value": "arn:aws:secretsmanager:us-west-2:975050111966:secret:example-secret-xUH9Ej",
      "type": "string"
    }
  },
  "resources": [
    {
      "mode": "managed",
      "type": "aws_secretsmanager_secret",
      "name": "example_secret",
      "provider": "provider[\"registry.terraform.io/hashicorp/aws\"]",
      "instances": [
        {
          "schema_version": 0,
          "attributes": {
            "arn": "arn:aws:secretsmanager:us-west-2:975050111966:secret:example-secret-xUH9Ej",
            "description": "",
            "force_overwrite_replica_secret": false,
            "id": "arn:aws:secretsmanager:us-west-2:975050111966:secret:example-secret-xUH9Ej",
            "kms_key_id": "",
            "name": "example-secret",
            "name_prefix": "",
            "policy": "",
            "recovery_window_in_days": 30,
            "replica": [],
            "tags": {
              "Application": "my-app",
              "Environment": "production",
              "Team": "devops"
            },
            "tags_all": {
              "Application": "my-app",
              "Environment": "production",
              "Team": "devops"
            }
          },
          "sensitive_attributes": [],
          "private": "bnVsbA=="
        }
      ]
    },
    {
      "mode": "managed",
      "type": "aws_secretsmanager_secret_version",
      "name": "example_secret_version",
      "provider": "provider[\"registry.terraform.io/hashicorp/aws\"]",
      "instances": [
        {
          "schema_version": 0,
          "attributes": {
            "arn": "arn:aws:secretsmanager:us-west-2:975050111966:secret:example-secret-xUH9Ej",
            "id": "arn:aws:secretsmanager:us-west-2:975050111966:secret:example-secret-xUH9Ej|terraform-20240606095211434900000002",
            "secret_binary": "",
            "secret_id": "arn:aws:secretsmanager:us-west-2:975050111966:secret:example-secret-xUH9Ej",
            "secret_string": "passkey",
            "version_id": "terraform-20240606095211434900000002",
            "version_stages": [
              "AWSCURRENT"
            ]
          },
          "sensitive_attributes": [
            [
              {
                "type": "get_attr",
                "value": "secret_string"
              }
            ],
            [
              {
                "type": "get_attr",
                "value": "secret_binary"
              }
            ]
          ],
          "private": "bnVsbA==",
          "dependencies": [
            "aws_secretsmanager_secret.example_secret"
          ]
        }
      ]
    }
  ],
  "check_results": null
}
